
Microsoft Visual Studio Solution File, Format Version 12.00
Project("{FAE04EC0-301F-11D3-BF4B-00C04F79EFBC}") = "AnimalShelter", "AnimalShelter\AnimalShelter.csproj", "{BA23370E-05AF-4B03-A1DA-17A1A3D38BC6}"
EndProject
Global
	GlobalSection(SolutionConfigurationPlatforms) = preSolution
		Debug|Any CPU = Debug|Any CPU
		Release|Any CPU = Release|Any CPU
	EndGlobalSection
	GlobalSection(ProjectConfigurationPlatforms) = postSolution
		{BA23370E-05AF-4B03-A1DA-17A1A3D38BC6}.Debug|Any CPU.ActiveCfg = Debug|Any CPU
		{BA23370E-05AF-4B03-A1DA-17A1A3D38BC6}.Debug|Any CPU.Build.0 = Debug|Any CPU
		{BA23370E-05AF-4B03-A1DA-17A1A3D38BC6}.Release|Any CPU.ActiveCfg = Release|Any CPU
		{BA23370E-05AF-4B03-A1DA-17A1A3D38BC6}.Release|Any CPU.Build.0 = Release|Any CPU
	EndGlobalSection
EndGlobal
